
Microsoft Visual Studio Solution File, Format Version 12.00
# Visual Studio Version 17
VisualStudioVersion = 17.5.33627.172
MinimumVisualStudioVersion = 10.0.40219.1
Project("{FAE04EC0-301F-11D3-BF4B-00C04F79EFBC}") = "zadanie 2", "zadanie 2\zadanie 2.csproj", "{76FB9C0D-8FA9-4DC3-866A-1F94A23453FB}"
EndProject
Global
	GlobalSection(SolutionConfigurationPlatforms) = preSolution
		Debug|Any CPU = Debug|Any CPU
		Release|Any CPU = Release|Any CPU
	EndGlobalSection
	GlobalSection(ProjectConfigurationPlatforms) = postSolution
		{76FB9C0D-8FA9-4DC3-866A-1F94A23453FB}.Debug|Any CPU.ActiveCfg = Debug|Any CPU
		{76FB9C0D-8FA9-4DC3-866A-1F94A23453FB}.Debug|Any CPU.Build.0 = Debug|Any CPU
		{76FB9C0D-8FA9-4DC3-866A-1F94A23453FB}.Release|Any CPU.ActiveCfg = Release|Any CPU
		{76FB9C0D-8FA9-4DC3-866A-1F94A23453FB}.Release|Any CPU.Build.0 = Release|Any CPU
	EndGlobalSection
	GlobalSection(SolutionProperties) = preSolution
		HideSolutionNode = FALSE
	EndGlobalSection
	GlobalSection(ExtensibilityGlobals) = postSolution
		SolutionGuid = {ABECC94C-B3F6-46BE-A274-EAD035784399}
	EndGlobalSection
EndGlobal
